<Solution>
  <Project Path="MaterialColorUtilities.Avalonia/MaterialColorUtilities.Avalonia.csproj" Id="8c35c826-c850-4a39-a577-b188e85ace4b" />
  <Project Path="MaterialColorUtilities.Tests/MaterialColorUtilities.Tests.csproj" />
  <Project Path="MaterialColorUtilities/MaterialColorUtilities.csproj" />
</Solution>
